
Microsoft Visual Studio Solution File, Format Version 12.00
# Visual Studio 2013
VisualStudioVersion = 12.0.31101.0
MinimumVisualStudioVersion = 10.0.40219.1
Project("{FAE04EC0-301F-11D3-BF4B-00C04F79EFBC}") = "BTT", "BTT\BTT.csproj", "{3B8F35DD-C2DD-46B9-81DB-9617A4104C0C}"
EndProject
Project("{FAE04EC0-301F-11D3-BF4B-00C04F79EFBC}") = "Localization", "Localization\Localization.csproj", "{C17EA2E0-5105-418A-A79E-7D23D1CEBF8D}"
EndProject
Project("{FAE04EC0-301F-11D3-BF4B-00C04F79EFBC}") = "BTTConsole", "BTTConsole\BTTConsole.csproj", "{52ADA0A4-6F30-4766-8809-6FFF71E764FA}"
EndProject
Global
	GlobalSection(SolutionConfigurationPlatforms) = preSolution
		Debug|Any CPU = Debug|Any CPU
		Release|Any CPU = Release|Any CPU
	EndGlobalSection
	GlobalSection(ProjectConfigurationPlatforms) = postSolution
		{3B8F35DD-C2DD-46B9-81DB-9617A4104C0C}.Debug|Any CPU.ActiveCfg = Debug|Any CPU
		{3B8F35DD-C2DD-46B9-81DB-9617A4104C0C}.Debug|Any CPU.Build.0 = Debug|Any CPU
		{3B8F35DD-C2DD-46B9-81DB-9617A4104C0C}.Release|Any CPU.ActiveCfg = Release|Any CPU
		{3B8F35DD-C2DD-46B9-81DB-9617A4104C0C}.Release|Any CPU.Build.0 = Release|Any CPU
		{C17EA2E0-5105-418A-A79E-7D23D1CEBF8D}.Debug|Any CPU.ActiveCfg = Debug|Any CPU
		{C17EA2E0-5105-418A-A79E-7D23D1CEBF8D}.Debug|Any CPU.Build.0 = Debug|Any CPU
		{C17EA2E0-5105-418A-A79E-7D23D1CEBF8D}.Release|Any CPU.ActiveCfg = Release|Any CPU
		{C17EA2E0-5105-418A-A79E-7D23D1CEBF8D}.Release|Any CPU.Build.0 = Release|Any CPU
		{52ADA0A4-6F30-4766-8809-6FFF71E764FA}.Debug|Any CPU.ActiveCfg = Debug|Any CPU
		{52ADA0A4-6F30-4766-8809-6FFF71E764FA}.Debug|Any CPU.Build.0 = Debug|Any CPU
		{52ADA0A4-6F30-4766-8809-6FFF71E764FA}.Release|Any CPU.ActiveCfg = Release|Any CPU
		{52ADA0A4-6F30-4766-8809-6FFF71E764FA}.Release|Any CPU.Build.0 = Release|Any CPU
	EndGlobalSection
	GlobalSection(SolutionProperties) = preSolution
		HideSolutionNode = FALSE
	EndGlobalSection
EndGlobal
